Microsoft Visual Studio Solution File, Format Version 8.00
Project("{8BC9CEB8-8B4A-11D0-8D11-00A0C91BC942}") = "MaxDTXLoader", "MaxDTXLoader\MaxDTXLoader.vcproj", "{84FC334A-BD12-49CE-95F0-DA8B618E20E6}"
	ProjectSection(ProjectDependencies) = postProject
		{1B1401D4-CC33-4113-B220-73146A036DB7} = {1B1401D4-CC33-4113-B220-73146A036DB7}
	EndProjectSection
EndProject
Project("{8BC9CEB8-8B4A-11D0-8D11-00A0C91BC942}") = "MaxModelExport", "MaxModelExport\MaxModelExport.vcproj", "{95163A9E-4CA0-4A97-9CB4-E6217AFBBE93}"
	ProjectSection(ProjectDependencies) = postProject
		{E5B10440-E2BE-4C57-A831-CB43A010160E} = {E5B10440-E2BE-4C57-A831-CB43A010160E}
	EndProjectSection
EndProject
Project("{8BC9CEB8-8B4A-11D0-8D11-00A0C91BC942}") = "MaxWorldExport", "MaxWorldExport\MaxWorldExport.vcproj", "{B5B012F6-F30E-460A-8222-2FB82FB69F57}"
	ProjectSection(ProjectDependencies) = postProject
		{E5B10440-E2BE-4C57-A831-CB43A010160E} = {E5B10440-E2BE-4C57-A831-CB43A010160E}
	EndProjectSection
EndProject
Project("{8BC9CEB8-8B4A-11D0-8D11-00A0C91BC942}") = "MaxWorldImport", "MaxWorldImport\MaxWorldImport.vcproj", "{1B0C3C82-72DA-4211-9A30-AD757F67A32D}"
	ProjectSection(ProjectDependencies) = postProject
		{E5B10440-E2BE-4C57-A831-CB43A010160E} = {E5B10440-E2BE-4C57-A831-CB43A010160E}
	EndProjectSection
EndProject
Project("{8BC9CEB8-8B4A-11D0-8D11-00A0C91BC942}") = "Lib_StdLith", "..\..\..\Libs\stdlith\Lib_StdLith.vcproj", "{1B1401D4-CC33-4113-B220-73146A036DB7}"
	ProjectSection(ProjectDependencies) = postProject
	EndProjectSection
EndProject
Project("{8BC9CEB8-8B4A-11D0-8D11-00A0C91BC942}") = "ltamgr", "..\..\libs\ltamgr\ltamgr.vcproj", "{E5B10440-E2BE-4C57-A831-CB43A010160E}"
	ProjectSection(ProjectDependencies) = postProject
	EndProjectSection
EndProject
Global
	GlobalSection(SolutionConfiguration) = preSolution
		Debug = Debug
		Debug MAX30 = Debug MAX30
		Debug MAX40 = Debug MAX40
		Debug MAX50 = Debug MAX50
		Debug MAX60 = Debug MAX60
		Debug MAX70 = Debug MAX70
		Final = Final
		Hybrid MAX30 = Hybrid MAX30
		Hybrid MAX40 = Hybrid MAX40
		Hybrid MAX50 = Hybrid MAX50
		Hybrid MAX60 = Hybrid MAX60
		Hybrid MAX70 = Hybrid MAX70
		Release = Release
		Release MAX30 = Release MAX30
		Release MAX40 = Release MAX40
		Release MAX50 = Release MAX50
		Release MAX60 = Release MAX60
		Release MAX70 = Release MAX70
	EndGlobalSection
	GlobalSection(ProjectConfiguration) = postSolution
		{84FC334A-BD12-49CE-95F0-DA8B618E20E6}.Debug.ActiveCfg = Debug MAX70|Win32
		{84FC334A-BD12-49CE-95F0-DA8B618E20E6}.Debug.Build.0 = Debug MAX70|Win32
		{84FC334A-BD12-49CE-95F0-DA8B618E20E6}.Debug MAX30.ActiveCfg = Debug MAX30|Win32
		{84FC334A-BD12-49CE-95F0-DA8B618E20E6}.Debug MAX30.Build.0 = Debug MAX30|Win32
		{84FC334A-BD12-49CE-95F0-DA8B618E20E6}.Debug MAX40.ActiveCfg = Debug MAX40|Win32
		{84FC334A-BD12-49CE-95F0-DA8B618E20E6}.Debug MAX40.Build.0 = Debug MAX40|Win32
		{84FC334A-BD12-49CE-95F0-DA8B618E20E6}.Debug MAX50.ActiveCfg = Debug MAX50|Win32
		{84FC334A-BD12-49CE-95F0-DA8B618E20E6}.Debug MAX50.Build.0 = Debug MAX50|Win32
		{84FC334A-BD12-49CE-95F0-DA8B618E20E6}.Debug MAX60.ActiveCfg = Debug MAX60|Win32
		{84FC334A-BD12-49CE-95F0-DA8B618E20E6}.Debug MAX60.Build.0 = Debug MAX60|Win32
		{84FC334A-BD12-49CE-95F0-DA8B618E20E6}.Debug MAX70.ActiveCfg = Debug MAX70|Win32
		{84FC334A-BD12-49CE-95F0-DA8B618E20E6}.Debug MAX70.Build.0 = Debug MAX70|Win32
		{84FC334A-BD12-49CE-95F0-DA8B618E20E6}.Final.ActiveCfg = Release MAX70|Win32
		{84FC334A-BD12-49CE-95F0-DA8B618E20E6}.Final.Build.0 = Release MAX70|Win32
		{84FC334A-BD12-49CE-95F0-DA8B618E20E6}.Hybrid MAX30.ActiveCfg = Hybrid MAX30|Win32
		{84FC334A-BD12-49CE-95F0-DA8B618E20E6}.Hybrid MAX30.Build.0 = Hybrid MAX30|Win32
		{84FC334A-BD12-49CE-95F0-DA8B618E20E6}.Hybrid MAX40.ActiveCfg = Hybrid MAX40|Win32
		{84FC334A-BD12-49CE-95F0-DA8B618E20E6}.Hybrid MAX40.Build.0 = Hybrid MAX40|Win32
		{84FC334A-BD12-49CE-95F0-DA8B618E20E6}.Hybrid MAX50.ActiveCfg = Hybrid MAX50|Win32
		{84FC334A-BD12-49CE-95F0-DA8B618E20E6}.Hybrid MAX50.Build.0 = Hybrid MAX50|Win32
		{84FC334A-BD12-49CE-95F0-DA8B618E20E6}.Hybrid MAX60.ActiveCfg = Hybrid MAX60|Win32
		{84FC334A-BD12-49CE-95F0-DA8B618E20E6}.Hybrid MAX60.Build.0 = Hybrid MAX60|Win32
		{84FC334A-BD12-49CE-95F0-DA8B618E20E6}.Hybrid MAX70.ActiveCfg = Hybrid MAX70|Win32
		{84FC334A-BD12-49CE-95F0-DA8B618E20E6}.Hybrid MAX70.Build.0 = Hybrid MAX70|Win32
		{84FC334A-BD12-49CE-95F0-DA8B618E20E6}.Release.ActiveCfg = Release MAX70|Win32
		{84FC334A-BD12-49CE-95F0-DA8B618E20E6}.Release.Build.0 = Release MAX70|Win32
		{84FC334A-BD12-49CE-95F0-DA8B618E20E6}.Release MAX30.ActiveCfg = Release MAX30|Win32
		{84FC334A-BD12-49CE-95F0-DA8B618E20E6}.Release MAX30.Build.0 = Release MAX30|Win32
		{84FC334A-BD12-49CE-95F0-DA8B618E20E6}.Release MAX40.ActiveCfg = Release MAX40|Win32
		{84FC334A-BD12-49CE-95F0-DA8B618E20E6}.Release MAX40.Build.0 = Release MAX40|Win32
		{84FC334A-BD12-49CE-95F0-DA8B618E20E6}.Release MAX50.ActiveCfg = Release MAX50|Win32
		{84FC334A-BD12-49CE-95F0-DA8B618E20E6}.Release MAX50.Build.0 = Release MAX50|Win32
		{84FC334A-BD12-49CE-95F0-DA8B618E20E6}.Release MAX60.ActiveCfg = Release MAX60|Win32
		{84FC334A-BD12-49CE-95F0-DA8B618E20E6}.Release MAX60.Build.0 = Release MAX60|Win32
		{84FC334A-BD12-49CE-95F0-DA8B618E20E6}.Release MAX70.ActiveCfg = Release MAX70|Win32
		{84FC334A-BD12-49CE-95F0-DA8B618E20E6}.Release MAX70.Build.0 = Release MAX70|Win32
		{95163A9E-4CA0-4A97-9CB4-E6217AFBBE93}.Debug.ActiveCfg = Debug MAX70|Win32
		{95163A9E-4CA0-4A97-9CB4-E6217AFBBE93}.Debug.Build.0 = Debug MAX70|Win32
		{95163A9E-4CA0-4A97-9CB4-E6217AFBBE93}.Debug MAX30.ActiveCfg = Debug MAX30|Win32
		{95163A9E-4CA0-4A97-9CB4-E6217AFBBE93}.Debug MAX30.Build.0 = Debug MAX30|Win32
		{95163A9E-4CA0-4A97-9CB4-E6217AFBBE93}.Debug MAX40.ActiveCfg = Debug MAX40|Win32
		{95163A9E-4CA0-4A97-9CB4-E6217AFBBE93}.Debug MAX40.Build.0 = Debug MAX40|Win32
		{95163A9E-4CA0-4A97-9CB4-E6217AFBBE93}.Debug MAX50.ActiveCfg = Debug MAX50|Win32
		{95163A9E-4CA0-4A97-9CB4-E6217AFBBE93}.Debug MAX50.Build.0 = Debug MAX50|Win32
		{95163A9E-4CA0-4A97-9CB4-E6217AFBBE93}.Debug MAX60.ActiveCfg = Debug MAX60|Win32
		{95163A9E-4CA0-4A97-9CB4-E6217AFBBE93}.Debug MAX60.Build.0 = Debug MAX60|Win32
		{95163A9E-4CA0-4A97-9CB4-E6217AFBBE93}.Debug MAX70.ActiveCfg = Debug MAX70|Win32
		{95163A9E-4CA0-4A97-9CB4-E6217AFBBE93}.Debug MAX70.Build.0 = Debug MAX70|Win32
		{95163A9E-4CA0-4A97-9CB4-E6217AFBBE93}.Final.ActiveCfg = Release MAX70|Win32
		{95163A9E-4CA0-4A97-9CB4-E6217AFBBE93}.Final.Build.0 = Release MAX70|Win32
		{95163A9E-4CA0-4A97-9CB4-E6217AFBBE93}.Hybrid MAX30.ActiveCfg = Hybrid MAX30|Win32
		{95163A9E-4CA0-4A97-9CB4-E6217AFBBE93}.Hybrid MAX30.Build.0 = Hybrid MAX30|Win32
		{95163A9E-4CA0-4A97-9CB4-E6217AFBBE93}.Hybrid MAX40.ActiveCfg = Hybrid MAX40|Win32
		{95163A9E-4CA0-4A97-9CB4-E6217AFBBE93}.Hybrid MAX40.Build.0 = Hybrid MAX40|Win32
		{95163A9E-4CA0-4A97-9CB4-E6217AFBBE93}.Hybrid MAX50.ActiveCfg = Hybrid MAX50|Win32
		{95163A9E-4CA0-4A97-9CB4-E6217AFBBE93}.Hybrid MAX50.Build.0 = Hybrid MAX50|Win32
		{95163A9E-4CA0-4A97-9CB4-E6217AFBBE93}.Hybrid MAX60.ActiveCfg = Hybrid MAX60|Win32
		{95163A9E-4CA0-4A97-9CB4-E6217AFBBE93}.Hybrid MAX60.Build.0 = Hybrid MAX60|Win32
		{95163A9E-4CA0-4A97-9CB4-E6217AFBBE93}.Hybrid MAX70.ActiveCfg = Hybrid MAX70|Win32
		{95163A9E-4CA0-4A97-9CB4-E6217AFBBE93}.Hybrid MAX70.Build.0 = Hybrid MAX70|Win32
		{95163A9E-4CA0-4A97-9CB4-E6217AFBBE93}.Release.ActiveCfg = Release MAX70|Win32
		{95163A9E-4CA0-4A97-9CB4-E6217AFBBE93}.Release.Build.0 = Release MAX70|Win32
		{95163A9E-4CA0-4A97-9CB4-E6217AFBBE93}.Release MAX30.ActiveCfg = Release MAX30|Win32
		{95163A9E-4CA0-4A97-9CB4-E6217AFBBE93}.Release MAX30.Build.0 = Release MAX30|Win32
		{95163A9E-4CA0-4A97-9CB4-E6217AFBBE93}.Release MAX40.ActiveCfg = Release MAX40|Win32
		{95163A9E-4CA0-4A97-9CB4-E6217AFBBE93}.Release MAX40.Build.0 = Release MAX40|Win32
		{95163A9E-4CA0-4A97-9CB4-E6217AFBBE93}.Release MAX50.ActiveCfg = Release MAX50|Win32
		{95163A9E-4CA0-4A97-9CB4-E6217AFBBE93}.Release MAX50.Build.0 = Release MAX50|Win32
		{95163A9E-4CA0-4A97-9CB4-E6217AFBBE93}.Release MAX60.ActiveCfg = Release MAX60|Win32
		{95163A9E-4CA0-4A97-9CB4-E6217AFBBE93}.Release MAX60.Build.0 = Release MAX60|Win32
		{95163A9E-4CA0-4A97-9CB4-E6217AFBBE93}.Release MAX70.ActiveCfg = Release MAX70|Win32
		{95163A9E-4CA0-4A97-9CB4-E6217AFBBE93}.Release MAX70.Build.0 = Release MAX70|Win32
		{B5B012F6-F30E-460A-8222-2FB82FB69F57}.Debug.ActiveCfg = Debug MAX70|Win32
		{B5B012F6-F30E-460A-8222-2FB82FB69F57}.Debug.Build.0 = Debug MAX70|Win32
		{B5B012F6-F30E-460A-8222-2FB82FB69F57}.Debug MAX30.ActiveCfg = Debug MAX30|Win32
		{B5B012F6-F30E-460A-8222-2FB82FB69F57}.Debug MAX30.Build.0 = Debug MAX30|Win32
		{B5B012F6-F30E-460A-8222-2FB82FB69F57}.Debug MAX40.ActiveCfg = Debug MAX40|Win32
		{B5B012F6-F30E-460A-8222-2FB82FB69F57}.Debug MAX40.Build.0 = Debug MAX40|Win32
		{B5B012F6-F30E-460A-8222-2FB82FB69F57}.Debug MAX50.ActiveCfg = Debug MAX50|Win32
		{B5B012F6-F30E-460A-8222-2FB82FB69F57}.Debug MAX50.Build.0 = Debug MAX50|Win32
		{B5B012F6-F30E-460A-8222-2FB82FB69F57}.Debug MAX60.ActiveCfg = Debug MAX60|Win32
		{B5B012F6-F30E-460A-8222-2FB82FB69F57}.Debug MAX60.Build.0 = Debug MAX60|Win32
		{B5B012F6-F30E-460A-8222-2FB82FB69F57}.Debug MAX70.ActiveCfg = Debug MAX70|Win32
		{B5B012F6-F30E-460A-8222-2FB82FB69F57}.Debug MAX70.Build.0 = Debug MAX70|Win32
		{B5B012F6-F30E-460A-8222-2FB82FB69F57}.Final.ActiveCfg = Release MAX70|Win32
		{B5B012F6-F30E-460A-8222-2FB82FB69F57}.Final.Build.0 = Release MAX70|Win32
		{B5B012F6-F30E-460A-8222-2FB82FB69F57}.Hybrid MAX30.ActiveCfg = Hybrid MAX30|Win32
		{B5B012F6-F30E-460A-8222-2FB82FB69F57}.Hybrid MAX30.Build.0 = Hybrid MAX30|Win32
		{B5B012F6-F30E-460A-8222-2FB82FB69F57}.Hybrid MAX40.ActiveCfg = Hybrid MAX40|Win32
		{B5B012F6-F30E-460A-8222-2FB82FB69F57}.Hybrid MAX40.Build.0 = Hybrid MAX40|Win32
		{B5B012F6-F30E-460A-8222-2FB82FB69F57}.Hybrid MAX50.ActiveCfg = Hybrid MAX50|Win32
		{B5B012F6-F30E-460A-8222-2FB82FB69F57}.Hybrid MAX50.Build.0 = Hybrid MAX50|Win32
		{B5B012F6-F30E-460A-8222-2FB82FB69F57}.Hybrid MAX60.ActiveCfg = Hybrid MAX60|Win32
		{B5B012F6-F30E-460A-8222-2FB82FB69F57}.Hybrid MAX60.Build.0 = Hybrid MAX60|Win32
		{B5B012F6-F30E-460A-8222-2FB82FB69F57}.Hybrid MAX70.ActiveCfg = Hybrid MAX70|Win32
		{B5B012F6-F30E-460A-8222-2FB82FB69F57}.Hybrid MAX70.Build.0 = Hybrid MAX70|Win32
		{B5B012F6-F30E-460A-8222-2FB82FB69F57}.Release.ActiveCfg = Release MAX70|Win32
		{B5B012F6-F30E-460A-8222-2FB82FB69F57}.Release.Build.0 = Release MAX70|Win32
		{B5B012F6-F30E-460A-8222-2FB82FB69F57}.Release MAX30.ActiveCfg = Release MAX30|Win32
		{B5B012F6-F30E-460A-8222-2FB82FB69F57}.Release MAX30.Build.0 = Release MAX30|Win32
		{B5B012F6-F30E-460A-8222-2FB82FB69F57}.Release MAX40.ActiveCfg = Release MAX40|Win32
		{B5B012F6-F30E-460A-8222-2FB82FB69F57}.Release MAX40.Build.0 = Release MAX40|Win32
		{B5B012F6-F30E-460A-8222-2FB82FB69F57}.Release MAX50.ActiveCfg = Release MAX50|Win32
		{B5B012F6-F30E-460A-8222-2FB82FB69F57}.Release MAX50.Build.0 = Release MAX50|Win32
		{B5B012F6-F30E-460A-8222-2FB82FB69F57}.Release MAX60.ActiveCfg = Release MAX60|Win32
		{B5B012F6-F30E-460A-8222-2FB82FB69F57}.Release MAX60.Build.0 = Release MAX60|Win32
		{B5B012F6-F30E-460A-8222-2FB82FB69F57}.Release MAX70.ActiveCfg = Release MAX70|Win32
		{B5B012F6-F30E-460A-8222-2FB82FB69F57}.Release MAX70.Build.0 = Release MAX70|Win32
		{1B0C3C82-72DA-4211-9A30-AD757F67A32D}.Debug.ActiveCfg = Debug MAX70|Win32
		{1B0C3C82-72DA-4211-9A30-AD757F67A32D}.Debug.Build.0 = Debug MAX70|Win32
		{1B0C3C82-72DA-4211-9A30-AD757F67A32D}.Debug MAX30.ActiveCfg = Debug MAX30|Win32
		{1B0C3C82-72DA-4211-9A30-AD757F67A32D}.Debug MAX30.Build.0 = Debug MAX30|Win32
		{1B0C3C82-72DA-4211-9A30-AD757F67A32D}.Debug MAX40.ActiveCfg = Debug MAX40|Win32
		{1B0C3C82-72DA-4211-9A30-AD757F67A32D}.Debug MAX40.Build.0 = Debug MAX40|Win32
		{1B0C3C82-72DA-4211-9A30-AD757F67A32D}.Debug MAX50.ActiveCfg = Debug MAX50|Win32
		{1B0C3C82-72DA-4211-9A30-AD757F67A32D}.Debug MAX50.Build.0 = Debug MAX50|Win32
		{1B0C3C82-72DA-4211-9A30-AD757F67A32D}.Debug MAX60.ActiveCfg = Debug MAX60|Win32
		{1B0C3C82-72DA-4211-9A30-AD757F67A32D}.Debug MAX60.Build.0 = Debug MAX60|Win32
		{1B0C3C82-72DA-4211-9A30-AD757F67A32D}.Debug MAX70.ActiveCfg = Debug MAX70|Win32
		{1B0C3C82-72DA-4211-9A30-AD757F67A32D}.Debug MAX70.Build.0 = Debug MAX70|Win32
		{1B0C3C82-72DA-4211-9A30-AD757F67A32D}.Final.ActiveCfg = Release MAX70|Win32
		{1B0C3C82-72DA-4211-9A30-AD757F67A32D}.Final.Build.0 = Release MAX70|Win32
		{1B0C3C82-72DA-4211-9A30-AD757F67A32D}.Hybrid MAX30.ActiveCfg = Hybrid MAX30|Win32
		{1B0C3C82-72DA-4211-9A30-AD757F67A32D}.Hybrid MAX30.Build.0 = Hybrid MAX30|Win32
		{1B0C3C82-72DA-4211-9A30-AD757F67A32D}.Hybrid MAX40.ActiveCfg = Hybrid MAX40|Win32
		{1B0C3C82-72DA-4211-9A30-AD757F67A32D}.Hybrid MAX40.Build.0 = Hybrid MAX40|Win32
		{1B0C3C82-72DA-4211-9A30-AD757F67A32D}.Hybrid MAX50.ActiveCfg = Hybrid MAX50|Win32
		{1B0C3C82-72DA-4211-9A30-AD757F67A32D}.Hybrid MAX50.Build.0 = Hybrid MAX50|Win32
		{1B0C3C82-72DA-4211-9A30-AD757F67A32D}.Hybrid MAX60.ActiveCfg = Hybrid MAX60|Win32
		{1B0C3C82-72DA-4211-9A30-AD757F67A32D}.Hybrid MAX60.Build.0 = Hybrid MAX60|Win32
		{1B0C3C82-72DA-4211-9A30-AD757F67A32D}.Hybrid MAX70.ActiveCfg = Hybrid MAX70|Win32
		{1B0C3C82-72DA-4211-9A30-AD757F67A32D}.Hybrid MAX70.Build.0 = Hybrid MAX70|Win32
		{1B0C3C82-72DA-4211-9A30-AD757F67A32D}.Release.ActiveCfg = Release MAX70|Win32
		{1B0C3C82-72DA-4211-9A30-AD757F67A32D}.Release.Build.0 = Release MAX70|Win32
		{1B0C3C82-72DA-4211-9A30-AD757F67A32D}.Release MAX30.ActiveCfg = Release MAX30|Win32
		{1B0C3C82-72DA-4211-9A30-AD757F67A32D}.Release MAX30.Build.0 = Release MAX30|Win32
		{1B0C3C82-72DA-4211-9A30-AD757F67A32D}.Release MAX40.ActiveCfg = Release MAX40|Win32
		{1B0C3C82-72DA-4211-9A30-AD757F67A32D}.Release MAX40.Build.0 = Release MAX40|Win32
		{1B0C3C82-72DA-4211-9A30-AD757F67A32D}.Release MAX50.ActiveCfg = Release MAX50|Win32
		{1B0C3C82-72DA-4211-9A30-AD757F67A32D}.Release MAX50.Build.0 = Release MAX50|Win32
		{1B0C3C82-72DA-4211-9A30-AD757F67A32D}.Release MAX60.ActiveCfg = Release MAX60|Win32
		{1B0C3C82-72DA-4211-9A30-AD757F67A32D}.Release MAX60.Build.0 = Release MAX60|Win32
		{1B0C3C82-72DA-4211-9A30-AD757F67A32D}.Release MAX70.ActiveCfg = Release MAX70|Win32
		{1B0C3C82-72DA-4211-9A30-AD757F67A32D}.Release MAX70.Build.0 = Release MAX70|Win32
		{1B1401D4-CC33-4113-B220-73146A036DB7}.Debug.ActiveCfg = Debug|Win32
		{1B1401D4-CC33-4113-B220-73146A036DB7}.Debug.Build.0 = Debug|Win32
		{1B1401D4-CC33-4113-B220-73146A036DB7}.Debug MAX30.ActiveCfg = Debug|Win32
		{1B1401D4-CC33-4113-B220-73146A036DB7}.Debug MAX30.Build.0 = Debug|Win32
		{1B1401D4-CC33-4113-B220-73146A036DB7}.Debug MAX40.ActiveCfg = Debug|Win32
		{1B1401D4-CC33-4113-B220-73146A036DB7}.Debug MAX40.Build.0 = Debug|Win32
		{1B1401D4-CC33-4113-B220-73146A036DB7}.Debug MAX50.ActiveCfg = Debug|Win32
		{1B1401D4-CC33-4113-B220-73146A036DB7}.Debug MAX50.Build.0 = Debug|Win32
		{1B1401D4-CC33-4113-B220-73146A036DB7}.Debug MAX60.ActiveCfg = Debug|Win32
		{1B1401D4-CC33-4113-B220-73146A036DB7}.Debug MAX60.Build.0 = Debug|Win32
		{1B1401D4-CC33-4113-B220-73146A036DB7}.Debug MAX70.ActiveCfg = Debug|Win32
		{1B1401D4-CC33-4113-B220-73146A036DB7}.Debug MAX70.Build.0 = Debug|Win32
		{1B1401D4-CC33-4113-B220-73146A036DB7}.Final.ActiveCfg = Final|Win32
		{1B1401D4-CC33-4113-B220-73146A036DB7}.Final.Build.0 = Final|Win32
		{1B1401D4-CC33-4113-B220-73146A036DB7}.Hybrid MAX30.ActiveCfg = Debug|Win32
		{1B1401D4-CC33-4113-B220-73146A036DB7}.Hybrid MAX30.Build.0 = Debug|Win32
		{1B1401D4-CC33-4113-B220-73146A036DB7}.Hybrid MAX40.ActiveCfg = Debug|Win32
		{1B1401D4-CC33-4113-B220-73146A036DB7}.Hybrid MAX40.Build.0 = Debug|Win32
		{1B1401D4-CC33-4113-B220-73146A036DB7}.Hybrid MAX50.ActiveCfg = Debug|Win32
		{1B1401D4-CC33-4113-B220-73146A036DB7}.Hybrid MAX50.Build.0 = Debug|Win32
		{1B1401D4-CC33-4113-B220-73146A036DB7}.Hybrid MAX60.ActiveCfg = Debug|Win32
		{1B1401D4-CC33-4113-B220-73146A036DB7}.Hybrid MAX60.Build.0 = Debug|Win32
		{1B1401D4-CC33-4113-B220-73146A036DB7}.Hybrid MAX70.ActiveCfg = Debug|Win32
		{1B1401D4-CC33-4113-B220-73146A036DB7}.Hybrid MAX70.Build.0 = Debug|Win32
		{1B1401D4-CC33-4113-B220-73146A036DB7}.Release.ActiveCfg = Release|Win32
		{1B1401D4-CC33-4113-B220-73146A036DB7}.Release.Build.0 = Release|Win32
		{1B1401D4-CC33-4113-B220-73146A036DB7}.Release MAX30.ActiveCfg = Release|Win32
		{1B1401D4-CC33-4113-B220-73146A036DB7}.Release MAX30.Build.0 = Release|Win32
		{1B1401D4-CC33-4113-B220-73146A036DB7}.Release MAX40.ActiveCfg = Release|Win32
		{1B1401D4-CC33-4113-B220-73146A036DB7}.Release MAX40.Build.0 = Release|Win32
		{1B1401D4-CC33-4113-B220-73146A036DB7}.Release MAX50.ActiveCfg = Release|Win32
		{1B1401D4-CC33-4113-B220-73146A036DB7}.Release MAX50.Build.0 = Release|Win32
		{1B1401D4-CC33-4113-B220-73146A036DB7}.Release MAX60.ActiveCfg = Release|Win32
		{1B1401D4-CC33-4113-B220-73146A036DB7}.Release MAX60.Build.0 = Release|Win32
		{1B1401D4-CC33-4113-B220-73146A036DB7}.Release MAX70.ActiveCfg = Release|Win32
		{1B1401D4-CC33-4113-B220-73146A036DB7}.Release MAX70.Build.0 = Release|Win32
		{E5B10440-E2BE-4C57-A831-CB43A010160E}.Debug.ActiveCfg = Debug|Win32
		{E5B10440-E2BE-4C57-A831-CB43A010160E}.Debug.Build.0 = Debug|Win32
		{E5B10440-E2BE-4C57-A831-CB43A010160E}.Debug MAX30.ActiveCfg = Debug|Win32
		{E5B10440-E2BE-4C57-A831-CB43A010160E}.Debug MAX30.Build.0 = Debug|Win32
		{E5B10440-E2BE-4C57-A831-CB43A010160E}.Debug MAX40.ActiveCfg = Debug|Win32
		{E5B10440-E2BE-4C57-A831-CB43A010160E}.Debug MAX40.Build.0 = Debug|Win32
		{E5B10440-E2BE-4C57-A831-CB43A010160E}.Debug MAX50.ActiveCfg = Debug|Win32
		{E5B10440-E2BE-4C57-A831-CB43A010160E}.Debug MAX50.Build.0 = Debug|Win32
		{E5B10440-E2BE-4C57-A831-CB43A010160E}.Debug MAX60.ActiveCfg = Debug|Win32
		{E5B10440-E2BE-4C57-A831-CB43A010160E}.Debug MAX60.Build.0 = Debug|Win32
		{E5B10440-E2BE-4C57-A831-CB43A010160E}.Debug MAX70.ActiveCfg = Debug|Win32
		{E5B10440-E2BE-4C57-A831-CB43A010160E}.Debug MAX70.Build.0 = Debug|Win32
		{E5B10440-E2BE-4C57-A831-CB43A010160E}.Final.ActiveCfg = Release|Win32
		{E5B10440-E2BE-4C57-A831-CB43A010160E}.Final.Build.0 = Release|Win32
		{E5B10440-E2BE-4C57-A831-CB43A010160E}.Hybrid MAX30.ActiveCfg = Debug|Win32
		{E5B10440-E2BE-4C57-A831-CB43A010160E}.Hybrid MAX30.Build.0 = Debug|Win32
		{E5B10440-E2BE-4C57-A831-CB43A010160E}.Hybrid MAX40.ActiveCfg = Debug|Win32
		{E5B10440-E2BE-4C57-A831-CB43A010160E}.Hybrid MAX40.Build.0 = Debug|Win32
		{E5B10440-E2BE-4C57-A831-CB43A010160E}.Hybrid MAX50.ActiveCfg = Debug|Win32
		{E5B10440-E2BE-4C57-A831-CB43A010160E}.Hybrid MAX50.Build.0 = Debug|Win32
		{E5B10440-E2BE-4C57-A831-CB43A010160E}.Hybrid MAX60.ActiveCfg = Debug|Win32
		{E5B10440-E2BE-4C57-A831-CB43A010160E}.Hybrid MAX60.Build.0 = Debug|Win32
		{E5B10440-E2BE-4C57-A831-CB43A010160E}.Hybrid MAX70.ActiveCfg = Debug|Win32
		{E5B10440-E2BE-4C57-A831-CB43A010160E}.Hybrid MAX70.Build.0 = Debug|Win32
		{E5B10440-E2BE-4C57-A831-CB43A010160E}.Release.ActiveCfg = Release|Win32
		{E5B10440-E2BE-4C57-A831-CB43A010160E}.Release.Build.0 = Release|Win32
		{E5B10440-E2BE-4C57-A831-CB43A010160E}.Release MAX30.ActiveCfg = Release|Win32
		{E5B10440-E2BE-4C57-A831-CB43A010160E}.Release MAX30.Build.0 = Release|Win32
		{E5B10440-E2BE-4C57-A831-CB43A010160E}.Release MAX40.ActiveCfg = Release|Win32
		{E5B10440-E2BE-4C57-A831-CB43A010160E}.Release MAX40.Build.0 = Release|Win32
		{E5B10440-E2BE-4C57-A831-CB43A010160E}.Release MAX50.ActiveCfg = Release|Win32
		{E5B10440-E2BE-4C57-A831-CB43A010160E}.Release MAX50.Build.0 = Release|Win32
		{E5B10440-E2BE-4C57-A831-CB43A010160E}.Release MAX60.ActiveCfg = Release|Win32
		{E5B10440-E2BE-4C57-A831-CB43A010160E}.Release MAX60.Build.0 = Release|Win32
		{E5B10440-E2BE-4C57-A831-CB43A010160E}.Release MAX70.ActiveCfg = Release|Win32
		{E5B10440-E2BE-4C57-A831-CB43A010160E}.Release MAX70.Build.0 = Release|Win32
	EndGlobalSection
	GlobalSection(ExtensibilityGlobals) = postSolution
	EndGlobalSection
	GlobalSection(ExtensibilityAddIns) = postSolution
	EndGlobalSection
	GlobalSection(DPCodeReviewSolutionGUID) = preSolution
		DPCodeReviewSolutionGUID = {00000000-0000-0000-0000-000000000000}
	EndGlobalSection
EndGlobal
