Microsoft Visual Studio Solution File, Format Version 8.00
Project("{8BC9CEB8-8B4A-11D0-8D11-00A0C91BC942}") = "MayaDTXLoader", "MayaDTXLoader\MayaDTXLoader.vcproj", "{F5CB42A2-D2A9-4CAB-AFC1-961D635DD6A6}"
	ProjectSection(ProjectDependencies) = postProject
		{1B1401D4-CC33-4113-B220-73146A036DB7} = {1B1401D4-CC33-4113-B220-73146A036DB7}
	EndProjectSection
EndProject
Project("{8BC9CEB8-8B4A-11D0-8D11-00A0C91BC942}") = "MayaModelExport", "MayaModelExport\MayaModelExport.vcproj", "{2DE3F961-BCC5-41F8-A08B-FB5185657266}"
	ProjectSection(ProjectDependencies) = postProject
		{E5B10440-E2BE-4C57-A831-CB43A010160E} = {E5B10440-E2BE-4C57-A831-CB43A010160E}
	EndProjectSection
EndProject
Project("{8BC9CEB8-8B4A-11D0-8D11-00A0C91BC942}") = "MayaWorldExport", "MayaWorldExport\MayaWorldExport.vcproj", "{A8EC25F9-FF84-44A8-87AF-7F33DBA85349}"
	ProjectSection(ProjectDependencies) = postProject
		{E5B10440-E2BE-4C57-A831-CB43A010160E} = {E5B10440-E2BE-4C57-A831-CB43A010160E}
	EndProjectSection
EndProject
Project("{8BC9CEB8-8B4A-11D0-8D11-00A0C91BC942}") = "Lib_StdLith", "..\..\..\Libs\stdlith\Lib_StdLith.vcproj", "{1B1401D4-CC33-4113-B220-73146A036DB7}"
	ProjectSection(ProjectDependencies) = postProject
	EndProjectSection
EndProject
Project("{8BC9CEB8-8B4A-11D0-8D11-00A0C91BC942}") = "ltamgr", "..\..\libs\ltamgr\ltamgr.vcproj", "{E5B10440-E2BE-4C57-A831-CB43A010160E}"
	ProjectSection(ProjectDependencies) = postProject
	EndProjectSection
EndProject
Global
	GlobalSection(SolutionConfiguration) = preSolution
		Debug = Debug
		Debug Maya40 = Debug Maya40
		Debug Maya45 = Debug Maya45
		Debug Maya50 = Debug Maya50
		Debug Maya60 = Debug Maya60
		Debug Maya65 = Debug Maya65
		Debug Maya70 = Debug Maya70
		Final = Final
		Release = Release
		Release Maya40 = Release Maya40
		Release Maya45 = Release Maya45
		Release Maya50 = Release Maya50
		Release Maya60 = Release Maya60
		Release Maya65 = Release Maya65
		Release Maya70 = Release Maya70
	EndGlobalSection
	GlobalSection(ProjectConfiguration) = postSolution
		{F5CB42A2-D2A9-4CAB-AFC1-961D635DD6A6}.Debug.ActiveCfg = Debug|Win32
		{F5CB42A2-D2A9-4CAB-AFC1-961D635DD6A6}.Debug.Build.0 = Debug|Win32
		{F5CB42A2-D2A9-4CAB-AFC1-961D635DD6A6}.Debug Maya40.ActiveCfg = Debug|Win32
		{F5CB42A2-D2A9-4CAB-AFC1-961D635DD6A6}.Debug Maya40.Build.0 = Debug|Win32
		{F5CB42A2-D2A9-4CAB-AFC1-961D635DD6A6}.Debug Maya45.ActiveCfg = Debug|Win32
		{F5CB42A2-D2A9-4CAB-AFC1-961D635DD6A6}.Debug Maya45.Build.0 = Debug|Win32
		{F5CB42A2-D2A9-4CAB-AFC1-961D635DD6A6}.Debug Maya50.ActiveCfg = Debug|Win32
		{F5CB42A2-D2A9-4CAB-AFC1-961D635DD6A6}.Debug Maya50.Build.0 = Debug|Win32
		{F5CB42A2-D2A9-4CAB-AFC1-961D635DD6A6}.Debug Maya60.ActiveCfg = Debug|Win32
		{F5CB42A2-D2A9-4CAB-AFC1-961D635DD6A6}.Debug Maya60.Build.0 = Debug|Win32
		{F5CB42A2-D2A9-4CAB-AFC1-961D635DD6A6}.Debug Maya65.ActiveCfg = Debug|Win32
		{F5CB42A2-D2A9-4CAB-AFC1-961D635DD6A6}.Debug Maya65.Build.0 = Debug|Win32
		{F5CB42A2-D2A9-4CAB-AFC1-961D635DD6A6}.Debug Maya70.ActiveCfg = Debug|Win32
		{F5CB42A2-D2A9-4CAB-AFC1-961D635DD6A6}.Debug Maya70.Build.0 = Debug|Win32
		{F5CB42A2-D2A9-4CAB-AFC1-961D635DD6A6}.Final.ActiveCfg = Release|Win32
		{F5CB42A2-D2A9-4CAB-AFC1-961D635DD6A6}.Final.Build.0 = Release|Win32
		{F5CB42A2-D2A9-4CAB-AFC1-961D635DD6A6}.Release.ActiveCfg = Release|Win32
		{F5CB42A2-D2A9-4CAB-AFC1-961D635DD6A6}.Release.Build.0 = Release|Win32
		{F5CB42A2-D2A9-4CAB-AFC1-961D635DD6A6}.Release Maya40.ActiveCfg = Release|Win32
		{F5CB42A2-D2A9-4CAB-AFC1-961D635DD6A6}.Release Maya40.Build.0 = Release|Win32
		{F5CB42A2-D2A9-4CAB-AFC1-961D635DD6A6}.Release Maya45.ActiveCfg = Release|Win32
		{F5CB42A2-D2A9-4CAB-AFC1-961D635DD6A6}.Release Maya45.Build.0 = Release|Win32
		{F5CB42A2-D2A9-4CAB-AFC1-961D635DD6A6}.Release Maya50.ActiveCfg = Release|Win32
		{F5CB42A2-D2A9-4CAB-AFC1-961D635DD6A6}.Release Maya50.Build.0 = Release|Win32
		{F5CB42A2-D2A9-4CAB-AFC1-961D635DD6A6}.Release Maya60.ActiveCfg = Release|Win32
		{F5CB42A2-D2A9-4CAB-AFC1-961D635DD6A6}.Release Maya60.Build.0 = Release|Win32
		{F5CB42A2-D2A9-4CAB-AFC1-961D635DD6A6}.Release Maya65.ActiveCfg = Release|Win32
		{F5CB42A2-D2A9-4CAB-AFC1-961D635DD6A6}.Release Maya65.Build.0 = Release|Win32
		{F5CB42A2-D2A9-4CAB-AFC1-961D635DD6A6}.Release Maya70.ActiveCfg = Release|Win32
		{F5CB42A2-D2A9-4CAB-AFC1-961D635DD6A6}.Release Maya70.Build.0 = Release|Win32
		{2DE3F961-BCC5-41F8-A08B-FB5185657266}.Debug.ActiveCfg = Debug Maya70|Win32
		{2DE3F961-BCC5-41F8-A08B-FB5185657266}.Debug.Build.0 = Debug Maya70|Win32
		{2DE3F961-BCC5-41F8-A08B-FB5185657266}.Debug Maya40.ActiveCfg = Debug Maya40|Win32
		{2DE3F961-BCC5-41F8-A08B-FB5185657266}.Debug Maya40.Build.0 = Debug Maya40|Win32
		{2DE3F961-BCC5-41F8-A08B-FB5185657266}.Debug Maya45.ActiveCfg = Debug Maya45|Win32
		{2DE3F961-BCC5-41F8-A08B-FB5185657266}.Debug Maya45.Build.0 = Debug Maya45|Win32
		{2DE3F961-BCC5-41F8-A08B-FB5185657266}.Debug Maya50.ActiveCfg = Debug Maya50|Win32
		{2DE3F961-BCC5-41F8-A08B-FB5185657266}.Debug Maya50.Build.0 = Debug Maya50|Win32
		{2DE3F961-BCC5-41F8-A08B-FB5185657266}.Debug Maya60.ActiveCfg = Debug Maya60|Win32
		{2DE3F961-BCC5-41F8-A08B-FB5185657266}.Debug Maya60.Build.0 = Debug Maya60|Win32
		{2DE3F961-BCC5-41F8-A08B-FB5185657266}.Debug Maya65.ActiveCfg = Debug Maya65|Win32
		{2DE3F961-BCC5-41F8-A08B-FB5185657266}.Debug Maya65.Build.0 = Debug Maya65|Win32
		{2DE3F961-BCC5-41F8-A08B-FB5185657266}.Debug Maya70.ActiveCfg = Debug Maya70|Win32
		{2DE3F961-BCC5-41F8-A08B-FB5185657266}.Debug Maya70.Build.0 = Debug Maya70|Win32
		{2DE3F961-BCC5-41F8-A08B-FB5185657266}.Final.ActiveCfg = Release Maya70|Win32
		{2DE3F961-BCC5-41F8-A08B-FB5185657266}.Final.Build.0 = Release Maya70|Win32
		{2DE3F961-BCC5-41F8-A08B-FB5185657266}.Release.ActiveCfg = Release Maya70|Win32
		{2DE3F961-BCC5-41F8-A08B-FB5185657266}.Release.Build.0 = Release Maya70|Win32
		{2DE3F961-BCC5-41F8-A08B-FB5185657266}.Release Maya40.ActiveCfg = Release Maya40|Win32
		{2DE3F961-BCC5-41F8-A08B-FB5185657266}.Release Maya40.Build.0 = Release Maya40|Win32
		{2DE3F961-BCC5-41F8-A08B-FB5185657266}.Release Maya45.ActiveCfg = Release Maya45|Win32
		{2DE3F961-BCC5-41F8-A08B-FB5185657266}.Release Maya45.Build.0 = Release Maya45|Win32
		{2DE3F961-BCC5-41F8-A08B-FB5185657266}.Release Maya50.ActiveCfg = Release Maya50|Win32
		{2DE3F961-BCC5-41F8-A08B-FB5185657266}.Release Maya50.Build.0 = Release Maya50|Win32
		{2DE3F961-BCC5-41F8-A08B-FB5185657266}.Release Maya60.ActiveCfg = Release Maya60|Win32
		{2DE3F961-BCC5-41F8-A08B-FB5185657266}.Release Maya60.Build.0 = Release Maya60|Win32
		{2DE3F961-BCC5-41F8-A08B-FB5185657266}.Release Maya65.ActiveCfg = Release Maya65|Win32
		{2DE3F961-BCC5-41F8-A08B-FB5185657266}.Release Maya65.Build.0 = Release Maya65|Win32
		{2DE3F961-BCC5-41F8-A08B-FB5185657266}.Release Maya70.ActiveCfg = Release Maya70|Win32
		{2DE3F961-BCC5-41F8-A08B-FB5185657266}.Release Maya70.Build.0 = Release Maya70|Win32
		{A8EC25F9-FF84-44A8-87AF-7F33DBA85349}.Debug.ActiveCfg = Debug Maya70|Win32
		{A8EC25F9-FF84-44A8-87AF-7F33DBA85349}.Debug.Build.0 = Debug Maya70|Win32
		{A8EC25F9-FF84-44A8-87AF-7F33DBA85349}.Debug Maya40.ActiveCfg = Debug Maya40|Win32
		{A8EC25F9-FF84-44A8-87AF-7F33DBA85349}.Debug Maya40.Build.0 = Debug Maya40|Win32
		{A8EC25F9-FF84-44A8-87AF-7F33DBA85349}.Debug Maya45.ActiveCfg = Debug Maya45|Win32
		{A8EC25F9-FF84-44A8-87AF-7F33DBA85349}.Debug Maya45.Build.0 = Debug Maya45|Win32
		{A8EC25F9-FF84-44A8-87AF-7F33DBA85349}.Debug Maya50.ActiveCfg = Debug Maya50|Win32
		{A8EC25F9-FF84-44A8-87AF-7F33DBA85349}.Debug Maya50.Build.0 = Debug Maya50|Win32
		{A8EC25F9-FF84-44A8-87AF-7F33DBA85349}.Debug Maya60.ActiveCfg = Debug Maya60|Win32
		{A8EC25F9-FF84-44A8-87AF-7F33DBA85349}.Debug Maya60.Build.0 = Debug Maya60|Win32
		{A8EC25F9-FF84-44A8-87AF-7F33DBA85349}.Debug Maya65.ActiveCfg = Debug Maya65|Win32
		{A8EC25F9-FF84-44A8-87AF-7F33DBA85349}.Debug Maya65.Build.0 = Debug Maya65|Win32
		{A8EC25F9-FF84-44A8-87AF-7F33DBA85349}.Debug Maya70.ActiveCfg = Debug Maya70|Win32
		{A8EC25F9-FF84-44A8-87AF-7F33DBA85349}.Debug Maya70.Build.0 = Debug Maya70|Win32
		{A8EC25F9-FF84-44A8-87AF-7F33DBA85349}.Final.ActiveCfg = Release Maya70|Win32
		{A8EC25F9-FF84-44A8-87AF-7F33DBA85349}.Final.Build.0 = Release Maya70|Win32
		{A8EC25F9-FF84-44A8-87AF-7F33DBA85349}.Release.ActiveCfg = Release Maya70|Win32
		{A8EC25F9-FF84-44A8-87AF-7F33DBA85349}.Release.Build.0 = Release Maya70|Win32
		{A8EC25F9-FF84-44A8-87AF-7F33DBA85349}.Release Maya40.ActiveCfg = Release Maya40|Win32
		{A8EC25F9-FF84-44A8-87AF-7F33DBA85349}.Release Maya40.Build.0 = Release Maya40|Win32
		{A8EC25F9-FF84-44A8-87AF-7F33DBA85349}.Release Maya45.ActiveCfg = Release Maya45|Win32
		{A8EC25F9-FF84-44A8-87AF-7F33DBA85349}.Release Maya45.Build.0 = Release Maya45|Win32
		{A8EC25F9-FF84-44A8-87AF-7F33DBA85349}.Release Maya50.ActiveCfg = Release Maya50|Win32
		{A8EC25F9-FF84-44A8-87AF-7F33DBA85349}.Release Maya50.Build.0 = Release Maya50|Win32
		{A8EC25F9-FF84-44A8-87AF-7F33DBA85349}.Release Maya60.ActiveCfg = Release Maya60|Win32
		{A8EC25F9-FF84-44A8-87AF-7F33DBA85349}.Release Maya60.Build.0 = Release Maya60|Win32
		{A8EC25F9-FF84-44A8-87AF-7F33DBA85349}.Release Maya65.ActiveCfg = Release Maya65|Win32
		{A8EC25F9-FF84-44A8-87AF-7F33DBA85349}.Release Maya65.Build.0 = Release Maya65|Win32
		{A8EC25F9-FF84-44A8-87AF-7F33DBA85349}.Release Maya70.ActiveCfg = Release Maya70|Win32
		{A8EC25F9-FF84-44A8-87AF-7F33DBA85349}.Release Maya70.Build.0 = Release Maya70|Win32
		{1B1401D4-CC33-4113-B220-73146A036DB7}.Debug.ActiveCfg = Debug|Win32
		{1B1401D4-CC33-4113-B220-73146A036DB7}.Debug.Build.0 = Debug|Win32
		{1B1401D4-CC33-4113-B220-73146A036DB7}.Debug Maya40.ActiveCfg = Debug|Win32
		{1B1401D4-CC33-4113-B220-73146A036DB7}.Debug Maya40.Build.0 = Debug|Win32
		{1B1401D4-CC33-4113-B220-73146A036DB7}.Debug Maya45.ActiveCfg = Debug|Win32
		{1B1401D4-CC33-4113-B220-73146A036DB7}.Debug Maya45.Build.0 = Debug|Win32
		{1B1401D4-CC33-4113-B220-73146A036DB7}.Debug Maya50.ActiveCfg = Debug|Win32
		{1B1401D4-CC33-4113-B220-73146A036DB7}.Debug Maya50.Build.0 = Debug|Win32
		{1B1401D4-CC33-4113-B220-73146A036DB7}.Debug Maya60.ActiveCfg = Debug|Win32
		{1B1401D4-CC33-4113-B220-73146A036DB7}.Debug Maya60.Build.0 = Debug|Win32
		{1B1401D4-CC33-4113-B220-73146A036DB7}.Debug Maya65.ActiveCfg = Debug|Win32
		{1B1401D4-CC33-4113-B220-73146A036DB7}.Debug Maya65.Build.0 = Debug|Win32
		{1B1401D4-CC33-4113-B220-73146A036DB7}.Debug Maya70.ActiveCfg = Debug|Win32
		{1B1401D4-CC33-4113-B220-73146A036DB7}.Debug Maya70.Build.0 = Debug|Win32
		{1B1401D4-CC33-4113-B220-73146A036DB7}.Final.ActiveCfg = Final|Win32
		{1B1401D4-CC33-4113-B220-73146A036DB7}.Final.Build.0 = Final|Win32
		{1B1401D4-CC33-4113-B220-73146A036DB7}.Release.ActiveCfg = Release|Win32
		{1B1401D4-CC33-4113-B220-73146A036DB7}.Release.Build.0 = Release|Win32
		{1B1401D4-CC33-4113-B220-73146A036DB7}.Release Maya40.ActiveCfg = Release|Win32
		{1B1401D4-CC33-4113-B220-73146A036DB7}.Release Maya40.Build.0 = Release|Win32
		{1B1401D4-CC33-4113-B220-73146A036DB7}.Release Maya45.ActiveCfg = Release|Win32
		{1B1401D4-CC33-4113-B220-73146A036DB7}.Release Maya45.Build.0 = Release|Win32
		{1B1401D4-CC33-4113-B220-73146A036DB7}.Release Maya50.ActiveCfg = Release|Win32
		{1B1401D4-CC33-4113-B220-73146A036DB7}.Release Maya50.Build.0 = Release|Win32
		{1B1401D4-CC33-4113-B220-73146A036DB7}.Release Maya60.ActiveCfg = Release|Win32
		{1B1401D4-CC33-4113-B220-73146A036DB7}.Release Maya60.Build.0 = Release|Win32
		{1B1401D4-CC33-4113-B220-73146A036DB7}.Release Maya65.ActiveCfg = Release|Win32
		{1B1401D4-CC33-4113-B220-73146A036DB7}.Release Maya65.Build.0 = Release|Win32
		{1B1401D4-CC33-4113-B220-73146A036DB7}.Release Maya70.ActiveCfg = Release|Win32
		{1B1401D4-CC33-4113-B220-73146A036DB7}.Release Maya70.Build.0 = Release|Win32
		{E5B10440-E2BE-4C57-A831-CB43A010160E}.Debug.ActiveCfg = Debug|Win32
		{E5B10440-E2BE-4C57-A831-CB43A010160E}.Debug.Build.0 = Debug|Win32
		{E5B10440-E2BE-4C57-A831-CB43A010160E}.Debug Maya40.ActiveCfg = Debug|Win32
		{E5B10440-E2BE-4C57-A831-CB43A010160E}.Debug Maya40.Build.0 = Debug|Win32
		{E5B10440-E2BE-4C57-A831-CB43A010160E}.Debug Maya45.ActiveCfg = Debug|Win32
		{E5B10440-E2BE-4C57-A831-CB43A010160E}.Debug Maya45.Build.0 = Debug|Win32
		{E5B10440-E2BE-4C57-A831-CB43A010160E}.Debug Maya50.ActiveCfg = Debug|Win32
		{E5B10440-E2BE-4C57-A831-CB43A010160E}.Debug Maya50.Build.0 = Debug|Win32
		{E5B10440-E2BE-4C57-A831-CB43A010160E}.Debug Maya60.ActiveCfg = Debug|Win32
		{E5B10440-E2BE-4C57-A831-CB43A010160E}.Debug Maya60.Build.0 = Debug|Win32
		{E5B10440-E2BE-4C57-A831-CB43A010160E}.Debug Maya65.ActiveCfg = Debug|Win32
		{E5B10440-E2BE-4C57-A831-CB43A010160E}.Debug Maya65.Build.0 = Debug|Win32
		{E5B10440-E2BE-4C57-A831-CB43A010160E}.Debug Maya70.ActiveCfg = Debug|Win32
		{E5B10440-E2BE-4C57-A831-CB43A010160E}.Debug Maya70.Build.0 = Debug|Win32
		{E5B10440-E2BE-4C57-A831-CB43A010160E}.Final.ActiveCfg = Release|Win32
		{E5B10440-E2BE-4C57-A831-CB43A010160E}.Final.Build.0 = Release|Win32
		{E5B10440-E2BE-4C57-A831-CB43A010160E}.Release.ActiveCfg = Release|Win32
		{E5B10440-E2BE-4C57-A831-CB43A010160E}.Release.Build.0 = Release|Win32
		{E5B10440-E2BE-4C57-A831-CB43A010160E}.Release Maya40.ActiveCfg = Release|Win32
		{E5B10440-E2BE-4C57-A831-CB43A010160E}.Release Maya40.Build.0 = Release|Win32
		{E5B10440-E2BE-4C57-A831-CB43A010160E}.Release Maya45.ActiveCfg = Release|Win32
		{E5B10440-E2BE-4C57-A831-CB43A010160E}.Release Maya45.Build.0 = Release|Win32
		{E5B10440-E2BE-4C57-A831-CB43A010160E}.Release Maya50.ActiveCfg = Release|Win32
		{E5B10440-E2BE-4C57-A831-CB43A010160E}.Release Maya50.Build.0 = Release|Win32
		{E5B10440-E2BE-4C57-A831-CB43A010160E}.Release Maya60.ActiveCfg = Release|Win32
		{E5B10440-E2BE-4C57-A831-CB43A010160E}.Release Maya60.Build.0 = Release|Win32
		{E5B10440-E2BE-4C57-A831-CB43A010160E}.Release Maya65.ActiveCfg = Release|Win32
		{E5B10440-E2BE-4C57-A831-CB43A010160E}.Release Maya65.Build.0 = Release|Win32
		{E5B10440-E2BE-4C57-A831-CB43A010160E}.Release Maya70.ActiveCfg = Release|Win32
		{E5B10440-E2BE-4C57-A831-CB43A010160E}.Release Maya70.Build.0 = Release|Win32
	EndGlobalSection
	GlobalSection(ExtensibilityGlobals) = postSolution
	EndGlobalSection
	GlobalSection(ExtensibilityAddIns) = postSolution
	EndGlobalSection
EndGlobal
