Microsoft Visual Studio Solution File, Format Version 8.00
Project("{8BC9CEB8-8B4A-11D0-8D11-00A0C91BC942}") = "DtxOptimizer", "DtxOptimizer.vcproj", "{A87C7CEB-F5BE-4557-94B3-9E639FB971B8}"
	ProjectSection(ProjectDependencies) = postProject
		{1B1401D4-CC33-4113-B220-73146A036DB7} = {1B1401D4-CC33-4113-B220-73146A036DB7}
	EndProjectSection
EndProject
Project("{8BC9CEB8-8B4A-11D0-8D11-00A0C91BC942}") = "Lib_StdLith", "..\..\..\Libs\stdlith\Lib_StdLith.vcproj", "{1B1401D4-CC33-4113-B220-73146A036DB7}"
	ProjectSection(ProjectDependencies) = postProject
	EndProjectSection
EndProject
Global
	GlobalSection(SolutionConfiguration) = preSolution
		Debug = Debug
		Final = Final
		Release = Release
	EndGlobalSection
	GlobalSection(ProjectConfiguration) = postSolution
		{A87C7CEB-F5BE-4557-94B3-9E639FB971B8}.Debug.ActiveCfg = Debug|Win32
		{A87C7CEB-F5BE-4557-94B3-9E639FB971B8}.Debug.Build.0 = Debug|Win32
		{A87C7CEB-F5BE-4557-94B3-9E639FB971B8}.Final.ActiveCfg = Release|Win32
		{A87C7CEB-F5BE-4557-94B3-9E639FB971B8}.Final.Build.0 = Release|Win32
		{A87C7CEB-F5BE-4557-94B3-9E639FB971B8}.Release.ActiveCfg = Release|Win32
		{A87C7CEB-F5BE-4557-94B3-9E639FB971B8}.Release.Build.0 = Release|Win32
		{1B1401D4-CC33-4113-B220-73146A036DB7}.Debug.ActiveCfg = Debug|Win32
		{1B1401D4-CC33-4113-B220-73146A036DB7}.Debug.Build.0 = Debug|Win32
		{1B1401D4-CC33-4113-B220-73146A036DB7}.Final.ActiveCfg = Final|Win32
		{1B1401D4-CC33-4113-B220-73146A036DB7}.Final.Build.0 = Final|Win32
		{1B1401D4-CC33-4113-B220-73146A036DB7}.Release.ActiveCfg = Release|Win32
		{1B1401D4-CC33-4113-B220-73146A036DB7}.Release.Build.0 = Release|Win32
	EndGlobalSection
	GlobalSection(ExtensibilityGlobals) = postSolution
	EndGlobalSection
	GlobalSection(ExtensibilityAddIns) = postSolution
	EndGlobalSection
EndGlobal
